
Microsoft Visual Studio Solution File, Format Version 12.00
# Visual Studio 15
VisualStudioVersion = 15.0.28307.271
MinimumVisualStudioVersion = 10.0.40219.1
Project("{FAE04EC0-301F-11D3-BF4B-00C04F79EFBC}") = "EditableLabel.Android", "EditableLabel\EditableLabel.Android\EditableLabel.Android.csproj", "{6C5A6D36-86B9-480F-BC71-B65F1DC2CE69}"
EndProject
Project("{FAE04EC0-301F-11D3-BF4B-00C04F79EFBC}") = "EditableLabel.iOS", "EditableLabel\EditableLabel.iOS\EditableLabel.iOS.csproj", "{EE222CD3-14ED-4A52-AA7C-CF215A6FC7FB}"
EndProject
Project("{9A19103F-16F7-4668-BE54-9A1E7A4F7556}") = "EditableLabel", "EditableLabel\EditableLabel\EditableLabel.csproj", "{1BE0BF6E-A7CF-40E8-848E-DE107861BDE0}"
EndProject
Global
	GlobalSection(SolutionConfigurationPlatforms) = preSolution
		Ad-Hoc|Any CPU = Ad-Hoc|Any CPU
		Ad-Hoc|ARM = Ad-Hoc|ARM
		Ad-Hoc|iPhone = Ad-Hoc|iPhone
		Ad-Hoc|iPhoneSimulator = Ad-Hoc|iPhoneSimulator
		Ad-Hoc|x64 = Ad-Hoc|x64
		Ad-Hoc|x86 = Ad-Hoc|x86
		AppStore|Any CPU = AppStore|Any CPU
		AppStore|ARM = AppStore|ARM
		AppStore|iPhone = AppStore|iPhone
		AppStore|iPhoneSimulator = AppStore|iPhoneSimulator
		AppStore|x64 = AppStore|x64
		AppStore|x86 = AppStore|x86
		Debug|Any CPU = Debug|Any CPU
		Debug|ARM = Debug|ARM
		Debug|iPhone = Debug|iPhone
		Debug|iPhoneSimulator = Debug|iPhoneSimulator
		Debug|x64 = Debug|x64
		Debug|x86 = Debug|x86
		Release|Any CPU = Release|Any CPU
		Release|ARM = Release|ARM
		Release|iPhone = Release|iPhone
		Release|iPhoneSimulator = Release|iPhoneSimulator
		Release|x64 = Release|x64
		Release|x86 = Release|x86
	EndGlobalSection
	GlobalSection(ProjectConfigurationPlatforms) = postSolution
		{6C5A6D36-86B9-480F-BC71-B65F1DC2CE69}.Ad-Hoc|Any CPU.ActiveCfg = Release|Any CPU
		{6C5A6D36-86B9-480F-BC71-B65F1DC2CE69}.Ad-Hoc|Any CPU.Build.0 = Release|Any CPU
		{6C5A6D36-86B9-480F-BC71-B65F1DC2CE69}.Ad-Hoc|Any CPU.Deploy.0 = Release|Any CPU
		{6C5A6D36-86B9-480F-BC71-B65F1DC2CE69}.Ad-Hoc|ARM.ActiveCfg = Release|Any CPU
		{6C5A6D36-86B9-480F-BC71-B65F1DC2CE69}.Ad-Hoc|ARM.Build.0 = Release|Any CPU
		{6C5A6D36-86B9-480F-BC71-B65F1DC2CE69}.Ad-Hoc|ARM.Deploy.0 = Release|Any CPU
		{6C5A6D36-86B9-480F-BC71-B65F1DC2CE69}.Ad-Hoc|iPhone.ActiveCfg = Release|Any CPU
		{6C5A6D36-86B9-480F-BC71-B65F1DC2CE69}.Ad-Hoc|iPhone.Build.0 = Release|Any CPU
		{6C5A6D36-86B9-480F-BC71-B65F1DC2CE69}.Ad-Hoc|iPhone.Deploy.0 = Release|Any CPU
		{6C5A6D36-86B9-480F-BC71-B65F1DC2CE69}.Ad-Hoc|iPhoneSimulator.ActiveCfg = Release|Any CPU
		{6C5A6D36-86B9-480F-BC71-B65F1DC2CE69}.Ad-Hoc|iPhoneSimulator.Build.0 = Release|Any CPU
		{6C5A6D36-86B9-480F-BC71-B65F1DC2CE69}.Ad-Hoc|iPhoneSimulator.Deploy.0 = Release|Any CPU
		{6C5A6D36-86B9-480F-BC71-B65F1DC2CE69}.Ad-Hoc|x64.ActiveCfg = Release|Any CPU
		{6C5A6D36-86B9-480F-BC71-B65F1DC2CE69}.Ad-Hoc|x64.Build.0 = Release|Any CPU
		{6C5A6D36-86B9-480F-BC71-B65F1DC2CE69}.Ad-Hoc|x64.Deploy.0 = Release|Any CPU
		{6C5A6D36-86B9-480F-BC71-B65F1DC2CE69}.Ad-Hoc|x86.ActiveCfg = Release|Any CPU
		{6C5A6D36-86B9-480F-BC71-B65F1DC2CE69}.Ad-Hoc|x86.Build.0 = Release|Any CPU
		{6C5A6D36-86B9-480F-BC71-B65F1DC2CE69}.Ad-Hoc|x86.Deploy.0 = Release|Any CPU
		{6C5A6D36-86B9-480F-BC71-B65F1DC2CE69}.AppStore|Any CPU.ActiveCfg = Release|Any CPU
		{6C5A6D36-86B9-480F-BC71-B65F1DC2CE69}.AppStore|Any CPU.Build.0 = Release|Any CPU
		{6C5A6D36-86B9-480F-BC71-B65F1DC2CE69}.AppStore|Any CPU.Deploy.0 = Release|Any CPU
		{6C5A6D36-86B9-480F-BC71-B65F1DC2CE69}.AppStore|ARM.ActiveCfg = Release|Any CPU
		{6C5A6D36-86B9-480F-BC71-B65F1DC2CE69}.AppStore|ARM.Build.0 = Release|Any CPU
		{6C5A6D36-86B9-480F-BC71-B65F1DC2CE69}.AppStore|ARM.Deploy.0 = Release|Any CPU
		{6C5A6D36-86B9-480F-BC71-B65F1DC2CE69}.AppStore|iPhone.ActiveCfg = Release|Any CPU
		{6C5A6D36-86B9-480F-BC71-B65F1DC2CE69}.AppStore|iPhone.Build.0 = Release|Any CPU
		{6C5A6D36-86B9-480F-BC71-B65F1DC2CE69}.AppStore|iPhone.Deploy.0 = Release|Any CPU
		{6C5A6D36-86B9-480F-BC71-B65F1DC2CE69}.AppStore|iPhoneSimulator.ActiveCfg = Release|Any CPU
		{6C5A6D36-86B9-480F-BC71-B65F1DC2CE69}.AppStore|iPhoneSimulator.Build.0 = Release|Any CPU
		{6C5A6D36-86B9-480F-BC71-B65F1DC2CE69}.AppStore|iPhoneSimulator.Deploy.0 = Release|Any CPU
		{6C5A6D36-86B9-480F-BC71-B65F1DC2CE69}.AppStore|x64.ActiveCfg = Release|Any CPU
		{6C5A6D36-86B9-480F-BC71-B65F1DC2CE69}.AppStore|x64.Build.0 = Release|Any CPU
		{6C5A6D36-86B9-480F-BC71-B65F1DC2CE69}.AppStore|x64.Deploy.0 = Release|Any CPU
		{6C5A6D36-86B9-480F-BC71-B65F1DC2CE69}.AppStore|x86.ActiveCfg = Release|Any CPU
		{6C5A6D36-86B9-480F-BC71-B65F1DC2CE69}.AppStore|x86.Build.0 = Release|Any CPU
		{6C5A6D36-86B9-480F-BC71-B65F1DC2CE69}.AppStore|x86.Deploy.0 = Release|Any CPU
		{6C5A6D36-86B9-480F-BC71-B65F1DC2CE69}.Debug|Any CPU.ActiveCfg = Debug|Any CPU
		{6C5A6D36-86B9-480F-BC71-B65F1DC2CE69}.Debug|Any CPU.Build.0 = Debug|Any CPU
		{6C5A6D36-86B9-480F-BC71-B65F1DC2CE69}.Debug|Any CPU.Deploy.0 = Debug|Any CPU
		{6C5A6D36-86B9-480F-BC71-B65F1DC2CE69}.Debug|ARM.ActiveCfg = Debug|Any CPU
		{6C5A6D36-86B9-480F-BC71-B65F1DC2CE69}.Debug|ARM.Build.0 = Debug|Any CPU
		{6C5A6D36-86B9-480F-BC71-B65F1DC2CE69}.Debug|ARM.Deploy.0 = Debug|Any CPU
		{6C5A6D36-86B9-480F-BC71-B65F1DC2CE69}.Debug|iPhone.ActiveCfg = Debug|Any CPU
		{6C5A6D36-86B9-480F-BC71-B65F1DC2CE69}.Debug|iPhone.Build.0 = Debug|Any CPU
		{6C5A6D36-86B9-480F-BC71-B65F1DC2CE69}.Debug|iPhone.Deploy.0 = Debug|Any CPU
		{6C5A6D36-86B9-480F-BC71-B65F1DC2CE69}.Debug|iPhoneSimulator.ActiveCfg = Debug|Any CPU
		{6C5A6D36-86B9-480F-BC71-B65F1DC2CE69}.Debug|iPhoneSimulator.Build.0 = Debug|Any CPU
		{6C5A6D36-86B9-480F-BC71-B65F1DC2CE69}.Debug|iPhoneSimulator.Deploy.0 = Debug|Any CPU
		{6C5A6D36-86B9-480F-BC71-B65F1DC2CE69}.Debug|x64.ActiveCfg = Debug|Any CPU
		{6C5A6D36-86B9-480F-BC71-B65F1DC2CE69}.Debug|x64.Build.0 = Debug|Any CPU
		{6C5A6D36-86B9-480F-BC71-B65F1DC2CE69}.Debug|x64.Deploy.0 = Debug|Any CPU
		{6C5A6D36-86B9-480F-BC71-B65F1DC2CE69}.Debug|x86.ActiveCfg = Debug|Any CPU
		{6C5A6D36-86B9-480F-BC71-B65F1DC2CE69}.Debug|x86.Build.0 = Debug|Any CPU
		{6C5A6D36-86B9-480F-BC71-B65F1DC2CE69}.Debug|x86.Deploy.0 = Debug|Any CPU
		{6C5A6D36-86B9-480F-BC71-B65F1DC2CE69}.Release|Any CPU.ActiveCfg = Release|Any CPU
		{6C5A6D36-86B9-480F-BC71-B65F1DC2CE69}.Release|Any CPU.Build.0 = Release|Any CPU
		{6C5A6D36-86B9-480F-BC71-B65F1DC2CE69}.Release|Any CPU.Deploy.0 = Release|Any CPU
		{6C5A6D36-86B9-480F-BC71-B65F1DC2CE69}.Release|ARM.ActiveCfg = Release|Any CPU
		{6C5A6D36-86B9-480F-BC71-B65F1DC2CE69}.Release|ARM.Build.0 = Release|Any CPU
		{6C5A6D36-86B9-480F-BC71-B65F1DC2CE69}.Release|ARM.Deploy.0 = Release|Any CPU
		{6C5A6D36-86B9-480F-BC71-B65F1DC2CE69}.Release|iPhone.ActiveCfg = Release|Any CPU
		{6C5A6D36-86B9-480F-BC71-B65F1DC2CE69}.Release|iPhone.Build.0 = Release|Any CPU
		{6C5A6D36-86B9-480F-BC71-B65F1DC2CE69}.Release|iPhone.Deploy.0 = Release|Any CPU
		{6C5A6D36-86B9-480F-BC71-B65F1DC2CE69}.Release|iPhoneSimulator.ActiveCfg = Release|Any CPU
		{6C5A6D36-86B9-480F-BC71-B65F1DC2CE69}.Release|iPhoneSimulator.Build.0 = Release|Any CPU
		{6C5A6D36-86B9-480F-BC71-B65F1DC2CE69}.Release|iPhoneSimulator.Deploy.0 = Release|Any CPU
		{6C5A6D36-86B9-480F-BC71-B65F1DC2CE69}.Release|x64.ActiveCfg = Release|Any CPU
		{6C5A6D36-86B9-480F-BC71-B65F1DC2CE69}.Release|x64.Build.0 = Release|Any CPU
		{6C5A6D36-86B9-480F-BC71-B65F1DC2CE69}.Release|x64.Deploy.0 = Release|Any CPU
		{6C5A6D36-86B9-480F-BC71-B65F1DC2CE69}.Release|x86.ActiveCfg = Release|Any CPU
		{6C5A6D36-86B9-480F-BC71-B65F1DC2CE69}.Release|x86.Build.0 = Release|Any CPU
		{6C5A6D36-86B9-480F-BC71-B65F1DC2CE69}.Release|x86.Deploy.0 = Release|Any CPU
		{EE222CD3-14ED-4A52-AA7C-CF215A6FC7FB}.Ad-Hoc|Any CPU.ActiveCfg = Ad-Hoc|iPhone
		{EE222CD3-14ED-4A52-AA7C-CF215A6FC7FB}.Ad-Hoc|Any CPU.Build.0 = Ad-Hoc|iPhone
		{EE222CD3-14ED-4A52-AA7C-CF215A6FC7FB}.Ad-Hoc|Any CPU.Deploy.0 = Ad-Hoc|iPhone
		{EE222CD3-14ED-4A52-AA7C-CF215A6FC7FB}.Ad-Hoc|ARM.ActiveCfg = Ad-Hoc|iPhone
		{EE222CD3-14ED-4A52-AA7C-CF215A6FC7FB}.Ad-Hoc|ARM.Build.0 = Ad-Hoc|iPhone
		{EE222CD3-14ED-4A52-AA7C-CF215A6FC7FB}.Ad-Hoc|ARM.Deploy.0 = Ad-Hoc|iPhone
		{EE222CD3-14ED-4A52-AA7C-CF215A6FC7FB}.Ad-Hoc|iPhone.ActiveCfg = Ad-Hoc|iPhone
		{EE222CD3-14ED-4A52-AA7C-CF215A6FC7FB}.Ad-Hoc|iPhone.Build.0 = Ad-Hoc|iPhone
		{EE222CD3-14ED-4A52-AA7C-CF215A6FC7FB}.Ad-Hoc|iPhone.Deploy.0 = Ad-Hoc|iPhone
		{EE222CD3-14ED-4A52-AA7C-CF215A6FC7FB}.Ad-Hoc|iPhoneSimulator.ActiveCfg = Ad-Hoc|iPhoneSimulator
		{EE222CD3-14ED-4A52-AA7C-CF215A6FC7FB}.Ad-Hoc|iPhoneSimulator.Build.0 = Ad-Hoc|iPhoneSimulator
		{EE222CD3-14ED-4A52-AA7C-CF215A6FC7FB}.Ad-Hoc|iPhoneSimulator.Deploy.0 = Ad-Hoc|iPhoneSimulator
		{EE222CD3-14ED-4A52-AA7C-CF215A6FC7FB}.Ad-Hoc|x64.ActiveCfg = Ad-Hoc|iPhone
		{EE222CD3-14ED-4A52-AA7C-CF215A6FC7FB}.Ad-Hoc|x64.Build.0 = Ad-Hoc|iPhone
		{EE222CD3-14ED-4A52-AA7C-CF215A6FC7FB}.Ad-Hoc|x64.Deploy.0 = Ad-Hoc|iPhone
		{EE222CD3-14ED-4A52-AA7C-CF215A6FC7FB}.Ad-Hoc|x86.ActiveCfg = Ad-Hoc|iPhone
		{EE222CD3-14ED-4A52-AA7C-CF215A6FC7FB}.Ad-Hoc|x86.Build.0 = Ad-Hoc|iPhone
		{EE222CD3-14ED-4A52-AA7C-CF215A6FC7FB}.Ad-Hoc|x86.Deploy.0 = Ad-Hoc|iPhone
		{EE222CD3-14ED-4A52-AA7C-CF215A6FC7FB}.AppStore|Any CPU.ActiveCfg = AppStore|iPhone
		{EE222CD3-14ED-4A52-AA7C-CF215A6FC7FB}.AppStore|Any CPU.Build.0 = AppStore|iPhone
		{EE222CD3-14ED-4A52-AA7C-CF215A6FC7FB}.AppStore|Any CPU.Deploy.0 = AppStore|iPhone
		{EE222CD3-14ED-4A52-AA7C-CF215A6FC7FB}.AppStore|ARM.ActiveCfg = AppStore|iPhone
		{EE222CD3-14ED-4A52-AA7C-CF215A6FC7FB}.AppStore|ARM.Build.0 = AppStore|iPhone
		{EE222CD3-14ED-4A52-AA7C-CF215A6FC7FB}.AppStore|ARM.Deploy.0 = AppStore|iPhone
		{EE222CD3-14ED-4A52-AA7C-CF215A6FC7FB}.AppStore|iPhone.ActiveCfg = AppStore|iPhone
		{EE222CD3-14ED-4A52-AA7C-CF215A6FC7FB}.AppStore|iPhone.Build.0 = AppStore|iPhone
		{EE222CD3-14ED-4A52-AA7C-CF215A6FC7FB}.AppStore|iPhone.Deploy.0 = AppStore|iPhone
		{EE222CD3-14ED-4A52-AA7C-CF215A6FC7FB}.AppStore|iPhoneSimulator.ActiveCfg = AppStore|iPhoneSimulator
		{EE222CD3-14ED-4A52-AA7C-CF215A6FC7FB}.AppStore|iPhoneSimulator.Build.0 = AppStore|iPhoneSimulator
		{EE222CD3-14ED-4A52-AA7C-CF215A6FC7FB}.AppStore|iPhoneSimulator.Deploy.0 = AppStore|iPhoneSimulator
		{EE222CD3-14ED-4A52-AA7C-CF215A6FC7FB}.AppStore|x64.ActiveCfg = AppStore|iPhone
		{EE222CD3-14ED-4A52-AA7C-CF215A6FC7FB}.AppStore|x64.Build.0 = AppStore|iPhone
		{EE222CD3-14ED-4A52-AA7C-CF215A6FC7FB}.AppStore|x64.Deploy.0 = AppStore|iPhone
		{EE222CD3-14ED-4A52-AA7C-CF215A6FC7FB}.AppStore|x86.ActiveCfg = AppStore|iPhone
		{EE222CD3-14ED-4A52-AA7C-CF215A6FC7FB}.AppStore|x86.Build.0 = AppStore|iPhone
		{EE222CD3-14ED-4A52-AA7C-CF215A6FC7FB}.AppStore|x86.Deploy.0 = AppStore|iPhone
		{EE222CD3-14ED-4A52-AA7C-CF215A6FC7FB}.Debug|Any CPU.ActiveCfg = Debug|iPhoneSimulator
		{EE222CD3-14ED-4A52-AA7C-CF215A6FC7FB}.Debug|Any CPU.Build.0 = Debug|iPhoneSimulator
		{EE222CD3-14ED-4A52-AA7C-CF215A6FC7FB}.Debug|Any CPU.Deploy.0 = Debug|iPhoneSimulator
		{EE222CD3-14ED-4A52-AA7C-CF215A6FC7FB}.Debug|ARM.ActiveCfg = Debug|iPhone
		{EE222CD3-14ED-4A52-AA7C-CF215A6FC7FB}.Debug|ARM.Build.0 = Debug|iPhone
		{EE222CD3-14ED-4A52-AA7C-CF215A6FC7FB}.Debug|ARM.Deploy.0 = Debug|iPhone
		{EE222CD3-14ED-4A52-AA7C-CF215A6FC7FB}.Debug|iPhone.ActiveCfg = Debug|iPhone
		{EE222CD3-14ED-4A52-AA7C-CF215A6FC7FB}.Debug|iPhone.Build.0 = Debug|iPhone
		{EE222CD3-14ED-4A52-AA7C-CF215A6FC7FB}.Debug|iPhone.Deploy.0 = Debug|iPhone
		{EE222CD3-14ED-4A52-AA7C-CF215A6FC7FB}.Debug|iPhoneSimulator.ActiveCfg = Debug|iPhoneSimulator
		{EE222CD3-14ED-4A52-AA7C-CF215A6FC7FB}.Debug|iPhoneSimulator.Build.0 = Debug|iPhoneSimulator
		{EE222CD3-14ED-4A52-AA7C-CF215A6FC7FB}.Debug|iPhoneSimulator.Deploy.0 = Debug|iPhoneSimulator
		{EE222CD3-14ED-4A52-AA7C-CF215A6FC7FB}.Debug|x64.ActiveCfg = Debug|iPhone
		{EE222CD3-14ED-4A52-AA7C-CF215A6FC7FB}.Debug|x64.Build.0 = Debug|iPhone
		{EE222CD3-14ED-4A52-AA7C-CF215A6FC7FB}.Debug|x64.Deploy.0 = Debug|iPhone
		{EE222CD3-14ED-4A52-AA7C-CF215A6FC7FB}.Debug|x86.ActiveCfg = Debug|iPhone
		{EE222CD3-14ED-4A52-AA7C-CF215A6FC7FB}.Debug|x86.Build.0 = Debug|iPhone
		{EE222CD3-14ED-4A52-AA7C-CF215A6FC7FB}.Debug|x86.Deploy.0 = Debug|iPhone
		{EE222CD3-14ED-4A52-AA7C-CF215A6FC7FB}.Release|Any CPU.ActiveCfg = Release|iPhone
		{EE222CD3-14ED-4A52-AA7C-CF215A6FC7FB}.Release|Any CPU.Build.0 = Release|iPhone
		{EE222CD3-14ED-4A52-AA7C-CF215A6FC7FB}.Release|Any CPU.Deploy.0 = Release|iPhone
		{EE222CD3-14ED-4A52-AA7C-CF215A6FC7FB}.Release|ARM.ActiveCfg = Release|iPhone
		{EE222CD3-14ED-4A52-AA7C-CF215A6FC7FB}.Release|ARM.Build.0 = Release|iPhone
		{EE222CD3-14ED-4A52-AA7C-CF215A6FC7FB}.Release|ARM.Deploy.0 = Release|iPhone
		{EE222CD3-14ED-4A52-AA7C-CF215A6FC7FB}.Release|iPhone.ActiveCfg = Release|iPhone
		{EE222CD3-14ED-4A52-AA7C-CF215A6FC7FB}.Release|iPhone.Build.0 = Release|iPhone
		{EE222CD3-14ED-4A52-AA7C-CF215A6FC7FB}.Release|iPhone.Deploy.0 = Release|iPhone
		{EE222CD3-14ED-4A52-AA7C-CF215A6FC7FB}.Release|iPhoneSimulator.ActiveCfg = Release|iPhoneSimulator
		{EE222CD3-14ED-4A52-AA7C-CF215A6FC7FB}.Release|iPhoneSimulator.Build.0 = Release|iPhoneSimulator
		{EE222CD3-14ED-4A52-AA7C-CF215A6FC7FB}.Release|iPhoneSimulator.Deploy.0 = Release|iPhoneSimulator
		{EE222CD3-14ED-4A52-AA7C-CF215A6FC7FB}.Release|x64.ActiveCfg = Release|iPhone
		{EE222CD3-14ED-4A52-AA7C-CF215A6FC7FB}.Release|x64.Build.0 = Release|iPhone
		{EE222CD3-14ED-4A52-AA7C-CF215A6FC7FB}.Release|x64.Deploy.0 = Release|iPhone
		{EE222CD3-14ED-4A52-AA7C-CF215A6FC7FB}.Release|x86.ActiveCfg = Release|iPhone
		{EE222CD3-14ED-4A52-AA7C-CF215A6FC7FB}.Release|x86.Build.0 = Release|iPhone
		{EE222CD3-14ED-4A52-AA7C-CF215A6FC7FB}.Release|x86.Deploy.0 = Release|iPhone
		{1BE0BF6E-A7CF-40E8-848E-DE107861BDE0}.Ad-Hoc|Any CPU.ActiveCfg = Debug|Any CPU
		{1BE0BF6E-A7CF-40E8-848E-DE107861BDE0}.Ad-Hoc|Any CPU.Build.0 = Debug|Any CPU
		{1BE0BF6E-A7CF-40E8-848E-DE107861BDE0}.Ad-Hoc|Any CPU.Deploy.0 = Debug|Any CPU
		{1BE0BF6E-A7CF-40E8-848E-DE107861BDE0}.Ad-Hoc|ARM.ActiveCfg = Debug|Any CPU
		{1BE0BF6E-A7CF-40E8-848E-DE107861BDE0}.Ad-Hoc|ARM.Build.0 = Debug|Any CPU
		{1BE0BF6E-A7CF-40E8-848E-DE107861BDE0}.Ad-Hoc|ARM.Deploy.0 = Debug|Any CPU
		{1BE0BF6E-A7CF-40E8-848E-DE107861BDE0}.Ad-Hoc|iPhone.ActiveCfg = Debug|Any CPU
		{1BE0BF6E-A7CF-40E8-848E-DE107861BDE0}.Ad-Hoc|iPhone.Build.0 = Debug|Any CPU
		{1BE0BF6E-A7CF-40E8-848E-DE107861BDE0}.Ad-Hoc|iPhone.Deploy.0 = Debug|Any CPU
		{1BE0BF6E-A7CF-40E8-848E-DE107861BDE0}.Ad-Hoc|iPhoneSimulator.ActiveCfg = Debug|Any CPU
		{1BE0BF6E-A7CF-40E8-848E-DE107861BDE0}.Ad-Hoc|iPhoneSimulator.Build.0 = Debug|Any CPU
		{1BE0BF6E-A7CF-40E8-848E-DE107861BDE0}.Ad-Hoc|iPhoneSimulator.Deploy.0 = Debug|Any CPU
		{1BE0BF6E-A7CF-40E8-848E-DE107861BDE0}.Ad-Hoc|x64.ActiveCfg = Debug|Any CPU
		{1BE0BF6E-A7CF-40E8-848E-DE107861BDE0}.Ad-Hoc|x64.Build.0 = Debug|Any CPU
		{1BE0BF6E-A7CF-40E8-848E-DE107861BDE0}.Ad-Hoc|x64.Deploy.0 = Debug|Any CPU
		{1BE0BF6E-A7CF-40E8-848E-DE107861BDE0}.Ad-Hoc|x86.ActiveCfg = Debug|Any CPU
		{1BE0BF6E-A7CF-40E8-848E-DE107861BDE0}.Ad-Hoc|x86.Build.0 = Debug|Any CPU
		{1BE0BF6E-A7CF-40E8-848E-DE107861BDE0}.Ad-Hoc|x86.Deploy.0 = Debug|Any CPU
		{1BE0BF6E-A7CF-40E8-848E-DE107861BDE0}.AppStore|Any CPU.ActiveCfg = Debug|Any CPU
		{1BE0BF6E-A7CF-40E8-848E-DE107861BDE0}.AppStore|Any CPU.Build.0 = Debug|Any CPU
		{1BE0BF6E-A7CF-40E8-848E-DE107861BDE0}.AppStore|Any CPU.Deploy.0 = Debug|Any CPU
		{1BE0BF6E-A7CF-40E8-848E-DE107861BDE0}.AppStore|ARM.ActiveCfg = Debug|Any CPU
		{1BE0BF6E-A7CF-40E8-848E-DE107861BDE0}.AppStore|ARM.Build.0 = Debug|Any CPU
		{1BE0BF6E-A7CF-40E8-848E-DE107861BDE0}.AppStore|ARM.Deploy.0 = Debug|Any CPU
		{1BE0BF6E-A7CF-40E8-848E-DE107861BDE0}.AppStore|iPhone.ActiveCfg = Debug|Any CPU
		{1BE0BF6E-A7CF-40E8-848E-DE107861BDE0}.AppStore|iPhone.Build.0 = Debug|Any CPU
		{1BE0BF6E-A7CF-40E8-848E-DE107861BDE0}.AppStore|iPhone.Deploy.0 = Debug|Any CPU
		{1BE0BF6E-A7CF-40E8-848E-DE107861BDE0}.AppStore|iPhoneSimulator.ActiveCfg = Debug|Any CPU
		{1BE0BF6E-A7CF-40E8-848E-DE107861BDE0}.AppStore|iPhoneSimulator.Build.0 = Debug|Any CPU
		{1BE0BF6E-A7CF-40E8-848E-DE107861BDE0}.AppStore|iPhoneSimulator.Deploy.0 = Debug|Any CPU
		{1BE0BF6E-A7CF-40E8-848E-DE107861BDE0}.AppStore|x64.ActiveCfg = Debug|Any CPU
		{1BE0BF6E-A7CF-40E8-848E-DE107861BDE0}.AppStore|x64.Build.0 = Debug|Any CPU
		{1BE0BF6E-A7CF-40E8-848E-DE107861BDE0}.AppStore|x64.Deploy.0 = Debug|Any CPU
		{1BE0BF6E-A7CF-40E8-848E-DE107861BDE0}.AppStore|x86.ActiveCfg = Debug|Any CPU
		{1BE0BF6E-A7CF-40E8-848E-DE107861BDE0}.AppStore|x86.Build.0 = Debug|Any CPU
		{1BE0BF6E-A7CF-40E8-848E-DE107861BDE0}.AppStore|x86.Deploy.0 = Debug|Any CPU
		{1BE0BF6E-A7CF-40E8-848E-DE107861BDE0}.Debug|Any CPU.ActiveCfg = Debug|Any CPU
		{1BE0BF6E-A7CF-40E8-848E-DE107861BDE0}.Debug|Any CPU.Build.0 = Debug|Any CPU
		{1BE0BF6E-A7CF-40E8-848E-DE107861BDE0}.Debug|Any CPU.Deploy.0 = Debug|Any CPU
		{1BE0BF6E-A7CF-40E8-848E-DE107861BDE0}.Debug|ARM.ActiveCfg = Debug|Any CPU
		{1BE0BF6E-A7CF-40E8-848E-DE107861BDE0}.Debug|ARM.Build.0 = Debug|Any CPU
		{1BE0BF6E-A7CF-40E8-848E-DE107861BDE0}.Debug|ARM.Deploy.0 = Debug|Any CPU
		{1BE0BF6E-A7CF-40E8-848E-DE107861BDE0}.Debug|iPhone.ActiveCfg = Debug|Any CPU
		{1BE0BF6E-A7CF-40E8-848E-DE107861BDE0}.Debug|iPhone.Build.0 = Debug|Any CPU
		{1BE0BF6E-A7CF-40E8-848E-DE107861BDE0}.Debug|iPhone.Deploy.0 = Debug|Any CPU
		{1BE0BF6E-A7CF-40E8-848E-DE107861BDE0}.Debug|iPhoneSimulator.ActiveCfg = Debug|Any CPU
		{1BE0BF6E-A7CF-40E8-848E-DE107861BDE0}.Debug|iPhoneSimulator.Build.0 = Debug|Any CPU
		{1BE0BF6E-A7CF-40E8-848E-DE107861BDE0}.Debug|iPhoneSimulator.Deploy.0 = Debug|Any CPU
		{1BE0BF6E-A7CF-40E8-848E-DE107861BDE0}.Debug|x64.ActiveCfg = Debug|Any CPU
		{1BE0BF6E-A7CF-40E8-848E-DE107861BDE0}.Debug|x64.Build.0 = Debug|Any CPU
		{1BE0BF6E-A7CF-40E8-848E-DE107861BDE0}.Debug|x64.Deploy.0 = Debug|Any CPU
		{1BE0BF6E-A7CF-40E8-848E-DE107861BDE0}.Debug|x86.ActiveCfg = Debug|Any CPU
		{1BE0BF6E-A7CF-40E8-848E-DE107861BDE0}.Debug|x86.Build.0 = Debug|Any CPU
		{1BE0BF6E-A7CF-40E8-848E-DE107861BDE0}.Debug|x86.Deploy.0 = Debug|Any CPU
		{1BE0BF6E-A7CF-40E8-848E-DE107861BDE0}.Release|Any CPU.ActiveCfg = Release|Any CPU
		{1BE0BF6E-A7CF-40E8-848E-DE107861BDE0}.Release|Any CPU.Build.0 = Release|Any CPU
		{1BE0BF6E-A7CF-40E8-848E-DE107861BDE0}.Release|Any CPU.Deploy.0 = Release|Any CPU
		{1BE0BF6E-A7CF-40E8-848E-DE107861BDE0}.Release|ARM.ActiveCfg = Release|Any CPU
		{1BE0BF6E-A7CF-40E8-848E-DE107861BDE0}.Release|ARM.Build.0 = Release|Any CPU
		{1BE0BF6E-A7CF-40E8-848E-DE107861BDE0}.Release|ARM.Deploy.0 = Release|Any CPU
		{1BE0BF6E-A7CF-40E8-848E-DE107861BDE0}.Release|iPhone.ActiveCfg = Release|Any CPU
		{1BE0BF6E-A7CF-40E8-848E-DE107861BDE0}.Release|iPhone.Build.0 = Release|Any CPU
		{1BE0BF6E-A7CF-40E8-848E-DE107861BDE0}.Release|iPhone.Deploy.0 = Release|Any CPU
		{1BE0BF6E-A7CF-40E8-848E-DE107861BDE0}.Release|iPhoneSimulator.ActiveCfg = Release|Any CPU
		{1BE0BF6E-A7CF-40E8-848E-DE107861BDE0}.Release|iPhoneSimulator.Build.0 = Release|Any CPU
		{1BE0BF6E-A7CF-40E8-848E-DE107861BDE0}.Release|iPhoneSimulator.Deploy.0 = Release|Any CPU
		{1BE0BF6E-A7CF-40E8-848E-DE107861BDE0}.Release|x64.ActiveCfg = Release|Any CPU
		{1BE0BF6E-A7CF-40E8-848E-DE107861BDE0}.Release|x64.Build.0 = Release|Any CPU
		{1BE0BF6E-A7CF-40E8-848E-DE107861BDE0}.Release|x64.Deploy.0 = Release|Any CPU
		{1BE0BF6E-A7CF-40E8-848E-DE107861BDE0}.Release|x86.ActiveCfg = Release|Any CPU
		{1BE0BF6E-A7CF-40E8-848E-DE107861BDE0}.Release|x86.Build.0 = Release|Any CPU
		{1BE0BF6E-A7CF-40E8-848E-DE107861BDE0}.Release|x86.Deploy.0 = Release|Any CPU
	EndGlobalSection
	GlobalSection(SolutionProperties) = preSolution
		HideSolutionNode = FALSE
	EndGlobalSection
	GlobalSection(ExtensibilityGlobals) = postSolution
		SolutionGuid = {BC17D6AB-1D4F-4970-AC4F-92659028E17A}
	EndGlobalSection
EndGlobal
